
Microsoft Visual Studio Solution File, Format Version 12.00
# Visual Studio Version 16
VisualStudioVersion = 16.0.30225.117
MinimumVisualStudioVersion = 10.0.40219.1
Project("{FAE04EC0-301F-11D3-BF4B-00C04F79EFBC}") = "ConsoleApp3", "ConsoleApp3\ConsoleApp3.csproj", "{054D1710-34DC-4424-853C-0208CAFD4C42}"
EndProject
Global
	GlobalSection(SolutionConfigurationPlatforms) = preSolution
		Debug|Any CPU = Debug|Any CPU
		Release|Any CPU = Release|Any CPU
	EndGlobalSection
	GlobalSection(ProjectConfigurationPlatforms) = postSolution
		{054D1710-34DC-4424-853C-0208CAFD4C42}.Debug|Any CPU.ActiveCfg = Debug|Any CPU
		{054D1710-34DC-4424-853C-0208CAFD4C42}.Debug|Any CPU.Build.0 = Debug|Any CPU
		{054D1710-34DC-4424-853C-0208CAFD4C42}.Release|Any CPU.ActiveCfg = Release|Any CPU
		{054D1710-34DC-4424-853C-0208CAFD4C42}.Release|Any CPU.Build.0 = Release|Any CPU
	EndGlobalSection
	GlobalSection(SolutionProperties) = preSolution
		HideSolutionNode = FALSE
	EndGlobalSection
	GlobalSection(ExtensibilityGlobals) = postSolution
		SolutionGuid = {CDF2F3F1-B44E-4B13-90A2-1ADD1EC97D1D}
	EndGlobalSection
EndGlobal
